# THIS IS AN AUTOGENERATED FILE. DO NOT EDIT THIS FILE DIRECTLY.
# yarn lockfile v1


"@ttui/design@https://ttui.thethingsindustries.com/release/ttui-1.10.0.tar.gz":
  version "0.0.0"
  resolved "https://ttui.thethingsindustries.com/release/ttui-1.10.0.tar.gz#03bddf2d0cc548d977ba7b4a2fb7c6876bd3b939"
