# THIS IS AN AUTOGENERATED FILE. DO NOT EDIT THIS FILE DIRECTLY.
# yarn lockfile v1


"@tti/design@https://ttui.thethingsindustries.com/release/ttui-1.10.0.tar.gz":
  version "0.0.0"
  resolved "https://ttui.thethingsindustries.com/release/ttui-1.10.0.tar.gz#11a69b26b4c21181c37b1784452f27c12c4111d5"
