# THIS IS AN AUTOGENERATED FILE. DO NOT EDIT THIS FILE DIRECTLY.
# yarn lockfile v1


"@ttui/design@https://ttui.thethingsindustries.com/release/ttui-1.10.1.tar.gz":
  version "0.0.0"
  resolved "https://ttui.thethingsindustries.com/release/ttui-1.10.1.tar.gz#4fce175d4b168b9a120d0c842a9c3dc00e395c73"
